
Microsoft Visual Studio Solution File, Format Version 12.00
# Visual Studio Version 17
VisualStudioVersion = 17.7.34031.279
MinimumVisualStudioVersion = 10.0.40219.1
Project("{FAE04EC0-301F-11D3-BF4B-00C04F79EFBC}") = "Generics", "Generics\Generics.csproj", "{D74644EA-1A31-4682-89BD-9ECFA7A01DC4}"
EndProject
Global
	GlobalSection(SolutionConfigurationPlatforms) = preSolution
		Debug|Any CPU = Debug|Any CPU
		Release|Any CPU = Release|Any CPU
	EndGlobalSection
	GlobalSection(ProjectConfigurationPlatforms) = postSolution
		{D74644EA-1A31-4682-89BD-9ECFA7A01DC4}.Debug|Any CPU.ActiveCfg = Debug|Any CPU
		{D74644EA-1A31-4682-89BD-9ECFA7A01DC4}.Debug|Any CPU.Build.0 = Debug|Any CPU
		{D74644EA-1A31-4682-89BD-9ECFA7A01DC4}.Release|Any CPU.ActiveCfg = Release|Any CPU
		{D74644EA-1A31-4682-89BD-9ECFA7A01DC4}.Release|Any CPU.Build.0 = Release|Any CPU
	EndGlobalSection
	GlobalSection(SolutionProperties) = preSolution
		HideSolutionNode = FALSE
	EndGlobalSection
	GlobalSection(ExtensibilityGlobals) = postSolution
		SolutionGuid = {8E2B11C8-DCF8-4C26-B65A-0B91C3D47ED8}
	EndGlobalSection
EndGlobal
